{
  "name": "cobatext",
  "version": "0.1.0",
  "lockfileVersion": 1,
  "requires": true,
  "dependencies": {
    "@fullpage/react-fullpage": {
      "version": "0.1.0",
      "resolved": "https://registry.npmjs.org/@fullpage/react-fullpage/-/react-fullpage-0.1.0.tgz",
      "integrity": "sha512-KnhxqZFSiCnkQFxMJgUTD/M83gkXscLRD0Fv+zyGtlOTi2vDTueLyo0OTorK2zsQk3wgO99WalOPPuFdkKXJXQ==",
      "requires": {
        "fullpage.js": "3.0.3"
      }
    },
    "fullpage.js": {
      "version": "3.0.3",
      "resolved": "https://registry.npmjs.org/fullpage.js/-/fullpage.js-3.0.3.tgz",
      "integrity": "sha512-ZdjSQJXrOTWqipw9jRY7IHo6FUEShNvsoc5n+CsQpdLafz0R/4HlhVfKUugBEBwg4p4b/fn3P90V8BZbOOsA7w==",
      "requires": {
        "jquery": "3.3.1"
      }
    },
    "jquery": {
      "version": "3.3.1",
      "resolved": "https://registry.npmjs.org/jquery/-/jquery-3.3.1.tgz",
      "integrity": "sha512-Ubldcmxp5np52/ENotGxlLe6aGMvmF4R8S6tZjsP6Knsaxd/xp3Zrh50cG93lR6nPXyUFwzN3ZSOQI0wRJNdGg=="
    }
  }
}
